{
  "name": "example",
  "version": "1.0.0",
  "lockfileVersion": 3,
  "requires": true,
  "packages": {
    "": {
      "name": "example",
      "version": "1.0.0",
      "license": "ISC",
      "dependencies": {
        "@wang-zhong/object2html": "^0.0.1"
      }
    },
    "node_modules/@wang-zhong/object2html": {
      "version": "0.0.1",
      "resolved": "https://registry.npmjs.org/@wang-zhong/object2html/-/object2html-0.0.1.tgz",
      "integrity": "sha512-n1ihhxW+Gs3meGQSVweJ168pVj7xJZPn2OB7oBXiOgChqRMalOmXTyTgq+sPgS3NT555w+63lHzUcWVridn1dw=="
    }
  }
}
